// !$*UTF8*$!
{
	archiveVersion = 1;
	classes = {
	};
	objectVersion = 50;
	objects = {

/* Begin PBXBuildFile section */
		54C8326026E79AE30013742E /* AppDelegate.swift in Sources */ = {isa = PBXBuildFile; fileRef = 54C8325F26E79AE30013742E /* AppDelegate.swift */; };
		54C8326226E79AE30013742E /* SceneDelegate.swift in Sources */ = {isa = PBXBuildFile; fileRef = 54C8326126E79AE30013742E /* SceneDelegate.swift */; };
		54C8326426E79AE30013742E /* ViewController.swift in Sources */ = {isa = PBXBuildFile; fileRef = 54C8326326E79AE30013742E /* ViewController.swift */; };
		54C8326726E79AE30013742E /* Main.storyboard in Resources */ = {isa = PBXBuildFile; fileRef = 54C8326526E79AE30013742E /* Main.storyboard */; };
		54C8326926E79AE40013742E /* Assets.xcassets in Resources */ = {isa = PBXBuildFile; fileRef = 54C8326826E79AE40013742E /* Assets.xcassets */; };
		54C8326C26E79AE40013742E /* LaunchScreen.storyboard in Resources */ = {isa = PBXBuildFile; fileRef = 54C8326A26E79AE40013742E /* LaunchScreen.storyboard */; };
		54C8327726E79AE40013742E /* GitHubAlamofireTests.swift in Sources */ = {isa = PBXBuildFile; fileRef = 54C8327626E79AE40013742E /* GitHubAlamofireTests.swift */; };
		54C8328226E79AE40013742E /* GitHubAlamofireUITests.swift in Sources */ = {isa = PBXBuildFile; fileRef = 54C8328126E79AE40013742E /* GitHubAlamofireUITests.swift */; };
/* End PBXBuildFile section */

/* Begin PBXContainerItemProxy section */
		54C8327326E79AE40013742E /* PBXContainerItemProxy */ = {
			isa = PBXContainerItemProxy;
			containerPortal = 54C8325426E79AE30013742E /* Project object */;
			proxyType = 1;
			remoteGlobalIDString = 54C8325B26E79AE30013742E;
			remoteInfo = GitHubAlamofire;
		};
		54C8327E26E79AE40013742E /* PBXContainerItemProxy */ = {
			isa = PBXContainerItemProxy;
			containerPortal = 54C8325426E79AE30013742E /* Project object */;
			proxyType = 1;
			remoteGlobalIDString = 54C8325B26E79AE30013742E;
			remoteInfo = GitHubAlamofire;
		};
		54C8329A26E79B3D0013742E /* PBXContainerItemProxy */ = {
			isa = PBXContainerItemProxy;
			containerPortal = 54C8328F26E79B3D0013742E /* Alamofire.xcodeproj */;
			proxyType = 2;
			remoteGlobalIDString = F8111E3319A95C8B0040E7D1;
			remoteInfo = "Alamofire iOS";
		};
		54C8329C26E79B3D0013742E /* PBXContainerItemProxy */ = {
			isa = PBXContainerItemProxy;
			containerPortal = 54C8328F26E79B3D0013742E /* Alamofire.xcodeproj */;
			proxyType = 2;
			remoteGlobalIDString = F8111E3E19A95C8B0040E7D1;
			remoteInfo = "Alamofire iOS Tests";
		};
		54C8329E26E79B3D0013742E /* PBXContainerItemProxy */ = {
			isa = PBXContainerItemProxy;
			containerPortal = 54C8328F26E79B3D0013742E /* Alamofire.xcodeproj */;
			proxyType = 2;
			remoteGlobalIDString = 4DD67C0B1A5C55C900ED2280;
			remoteInfo = "Alamofire macOS";
		};
		54C832A026E79B3D0013742E /* PBXContainerItemProxy */ = {
			isa = PBXContainerItemProxy;
			containerPortal = 54C8328F26E79B3D0013742E /* Alamofire.xcodeproj */;
			proxyType = 2;
			remoteGlobalIDString = F829C6B21A7A94F100A2CD59;
			remoteInfo = "Alamofire macOS Tests";
		};
		54C832A226E79B3D0013742E /* PBXContainerItemProxy */ = {
			isa = PBXContainerItemProxy;
			containerPortal = 54C8328F26E79B3D0013742E /* Alamofire.xcodeproj */;
			proxyType = 2;
			remoteGlobalIDString = 4CF626EF1BA7CB3E0011A099;
			remoteInfo = "Alamofire tvOS";
		};
		54C832A426E79B3D0013742E /* PBXContainerItemProxy */ = {
			isa = PBXContainerItemProxy;
			containerPortal = 54C8328F26E79B3D0013742E /* Alamofire.xcodeproj */;
			proxyType = 2;
			remoteGlobalIDString = 4CF626F81BA7CB3E0011A099;
			remoteInfo = "Alamofire tvOS Tests";
		};
		54C832A626E79B3D0013742E /* PBXContainerItemProxy */ = {
			isa = PBXContainerItemProxy;
			containerPortal = 54C8328F26E79B3D0013742E /* Alamofire.xcodeproj */;
			proxyType = 2;
			remoteGlobalIDString = E4202FE01B667AA100C997FB;
			remoteInfo = "Alamofire watchOS";
		};
		54C832A826E79B3D0013742E /* PBXContainerItemProxy */ = {
			isa = PBXContainerItemProxy;
			containerPortal = 54C8328F26E79B3D0013742E /* Alamofire.xcodeproj */;
			proxyType = 2;
			remoteGlobalIDString = 31293065263E17D600473CEA;
			remoteInfo = "Alamofire watchOS Tests";
		};
		54C832AA26E79B490013742E /* PBXContainerItemProxy */ = {
			isa = PBXContainerItemProxy;
			containerPortal = 54C8328F26E79B3D0013742E /* Alamofire.xcodeproj */;
			proxyType = 1;
			remoteGlobalIDString = F8111E3219A95C8B0040E7D1;
			remoteInfo = "Alamofire iOS";
		};
/* End PBXContainerItemProxy section */

/* Begin PBXFileReference section */
		54C8325C26E79AE30013742E /* GitHubAlamofire.app */ = {isa = PBXFileReference; explicitFileType = wrapper.application; includeInIndex = 0; path = GitHubAlamofire.app; sourceTree = BUILT_PRODUCTS_DIR; };
		54C8325F26E79AE30013742E /* AppDelegate.swift */ = {isa = PBXFileReference; lastKnownFileType = sourcecode.swift; path = AppDelegate.swift; sourceTree = "<group>"; };
		54C8326126E79AE30013742E /* SceneDelegate.swift */ = {isa = PBXFileReference; lastKnownFileType = sourcecode.swift; path = SceneDelegate.swift; sourceTree = "<group>"; };
		54C8326326E79AE30013742E /* ViewController.swift */ = {isa = PBXFileReference; lastKnownFileType = sourcecode.swift; path = ViewController.swift; sourceTree = "<group>"; };
		54C8326626E79AE30013742E /* Base */ = {isa = PBXFileReference; lastKnownFileType = file.storyboard; name = Base; path = Base.lproj/Main.storyboard; sourceTree = "<group>"; };
		54C8326826E79AE40013742E /* Assets.xcassets */ = {isa = PBXFileReference; lastKnownFileType = folder.assetcatalog; path = Assets.xcassets; sourceTree = "<group>"; };
		54C8326B26E79AE40013742E /* Base */ = {isa = PBXFileReference; lastKnownFileType = file.storyboard; name = Base; path = Base.lproj/LaunchScreen.storyboard; sourceTree = "<group>"; };
		54C8326D26E79AE40013742E /* Info.plist */ = {isa = PBXFileReference; lastKnownFileType = text.plist.xml; path = Info.plist; sourceTree = "<group>"; };
		54C8327226E79AE40013742E /* GitHubAlamofireTests.xctest */ = {isa = PBXFileReference; explicitFileType = wrapper.cfbundle; includeInIndex = 0; path = GitHubAlamofireTests.xctest; sourceTree = BUILT_PRODUCTS_DIR; };
		54C8327626E79AE40013742E /* GitHubAlamofireTests.swift */ = {isa = PBXFileReference; lastKnownFileType = sourcecode.swift; path = GitHubAlamofireTests.swift; sourceTree = "<group>"; };
		54C8327826E79AE40013742E /* Info.plist */ = {isa = PBXFileReference; lastKnownFileType = text.plist.xml; path = Info.plist; sourceTree = "<group>"; };
		54C8327D26E79AE40013742E /* GitHubAlamofireUITests.xctest */ = {isa = PBXFileReference; explicitFileType = wrapper.cfbundle; includeInIndex = 0; path = GitHubAlamofireUITests.xctest; sourceTree = BUILT_PRODUCTS_DIR; };
		54C8328126E79AE40013742E /* GitHubAlamofireUITests.swift */ = {isa = PBXFileReference; lastKnownFileType = sourcecode.swift; path = GitHubAlamofireUITests.swift; sourceTree = "<group>"; };
		54C8328326E79AE40013742E /* Info.plist */ = {isa = PBXFileReference; lastKnownFileType = text.plist.xml; path = Info.plist; sourceTree = "<group>"; };
		54C8328F26E79B3D0013742E /* Alamofire.xcodeproj */ = {isa = PBXFileReference; lastKnownFileType = "wrapper.pb-project"; name = Alamofire.xcodeproj; path = Alamofire/Alamofire.xcodeproj; sourceTree = "<group>"; };
/* End PBXFileReference section */

/* Begin PBXFrameworksBuildPhase section */
		54C8325926E79AE30013742E /* Frameworks */ = {
			isa = PBXFrameworksBuildPhase;
			buildActionMask = 2147483647;
			files = (
			);
			runOnlyForDeploymentPostprocessing = 0;
		};
		54C8326F26E79AE40013742E /* Frameworks */ = {
			isa = PBXFrameworksBuildPhase;
			buildActionMask = 2147483647;
			files = (
			);
			runOnlyForDeploymentPostprocessing = 0;
		};
		54C8327A26E79AE40013742E /* Frameworks */ = {
			isa = PBXFrameworksBuildPhase;
			buildActionMask = 2147483647;
			files = (
			);
			runOnlyForDeploymentPostprocessing = 0;
		};
/* End PBXFrameworksBuildPhase section */

/* Begin PBXGroup section */
		54C8325326E79AE30013742E = {
			isa = PBXGroup;
			children = (
				54C8328F26E79B3D0013742E /* Alamofire.xcodeproj */,
				54C8325E26E79AE30013742E /* GitHubAlamofire */,
				54C8327526E79AE40013742E /* GitHubAlamofireTests */,
				54C8328026E79AE40013742E /* GitHubAlamofireUITests */,
				54C8325D26E79AE30013742E /* Products */,
			);
			sourceTree = "<group>";
		};
		54C8325D26E79AE30013742E /* Products */ = {
			isa = PBXGroup;
			children = (
				54C8325C26E79AE30013742E /* GitHubAlamofire.app */,
				54C8327226E79AE40013742E /* GitHubAlamofireTests.xctest */,
				54C8327D26E79AE40013742E /* GitHubAlamofireUITests.xctest */,
			);
			name = Products;
			sourceTree = "<group>";
		};
		54C8325E26E79AE30013742E /* GitHubAlamofire */ = {
			isa = PBXGroup;
			children = (
				54C8325F26E79AE30013742E /* AppDelegate.swift */,
				54C8326126E79AE30013742E /* SceneDelegate.swift */,
				54C8326326E79AE30013742E /* ViewController.swift */,
				54C8326526E79AE30013742E /* Main.storyboard */,
				54C8326826E79AE40013742E /* Assets.xcassets */,
				54C8326A26E79AE40013742E /* LaunchScreen.storyboard */,
				54C8326D26E79AE40013742E /* Info.plist */,
			);
			path = GitHubAlamofire;
			sourceTree = "<group>";
		};
		54C8327526E79AE40013742E /* GitHubAlamofireTests */ = {
			isa = PBXGroup;
			children = (
				54C8327626E79AE40013742E /* GitHubAlamofireTests.swift */,
				54C8327826E79AE40013742E /* Info.plist */,
			);
			path = GitHubAlamofireTests;
			sourceTree = "<group>";
		};
		54C8328026E79AE40013742E /* GitHubAlamofireUITests */ = {
			isa = PBXGroup;
			children = (
				54C8328126E79AE40013742E /* GitHubAlamofireUITests.swift */,
				54C8328326E79AE40013742E /* Info.plist */,
			);
			path = GitHubAlamofireUITests;
			sourceTree = "<group>";
		};
		54C8329026E79B3D0013742E /* Products */ = {
			isa = PBXGroup;
			children = (
				54C8329B26E79B3D0013742E /* Alamofire.framework */,
				54C8329D26E79B3D0013742E /* Alamofire iOS Tests.xctest */,
				54C8329F26E79B3D0013742E /* Alamofire.framework */,
				54C832A126E79B3D0013742E /* Alamofire macOS Tests.xctest */,
				54C832A326E79B3D0013742E /* Alamofire.framework */,
				54C832A526E79B3D0013742E /* Alamofire tvOS Tests.xctest */,
				54C832A726E79B3D0013742E /* Alamofire.framework */,
				54C832A926E79B3D0013742E /* Alamofire watchOS Tests.xctest */,
			);
			name = Products;
			sourceTree = "<group>";
		};
/* End PBXGroup section */

/* Begin PBXNativeTarget section */
		54C8325B26E79AE30013742E /* GitHubAlamofire */ = {
			isa = PBXNativeTarget;
			buildConfigurationList = 54C8328626E79AE40013742E /* Build configuration list for PBXNativeTarget "GitHubAlamofire" */;
			buildPhases = (
				54C8325826E79AE30013742E /* Sources */,
				54C8325926E79AE30013742E /* Frameworks */,
				54C8325A26E79AE30013742E /* Resources */,
			);
			buildRules = (
			);
			dependencies = (
				54C832AB26E79B490013742E /* PBXTargetDependency */,
			);
			name = GitHubAlamofire;
			productName = GitHubAlamofire;
			productReference = 54C8325C26E79AE30013742E /* GitHubAlamofire.app */;
			productType = "com.apple.product-type.application";
		};
		54C8327126E79AE40013742E /* GitHubAlamofireTests */ = {
			isa = PBXNativeTarget;
			buildConfigurationList = 54C8328926E79AE40013742E /* Build configuration list for PBXNativeTarget "GitHubAlamofireTests" */;
			buildPhases = (
				54C8326E26E79AE40013742E /* Sources */,
				54C8326F26E79AE40013742E /* Frameworks */,
				54C8327026E79AE40013742E /* Resources */,
			);
			buildRules = (
			);
			dependencies = (
				54C8327426E79AE40013742E /* PBXTargetDependency */,
			);
			name = GitHubAlamofireTests;
			productName = GitHubAlamofireTests;
			productReference = 54C8327226E79AE40013742E /* GitHubAlamofireTests.xctest */;
			productType = "com.apple.product-type.bundle.unit-test";
		};
		54C8327C26E79AE40013742E /* GitHubAlamofireUITests */ = {
			isa = PBXNativeTarget;
			buildConfigurationList = 54C8328C26E79AE40013742E /* Build configuration list for PBXNativeTarget "GitHubAlamofireUITests" */;
			buildPhases = (
				54C8327926E79AE40013742E /* Sources */,
				54C8327A26E79AE40013742E /* Frameworks */,
				54C8327B26E79AE40013742E /* Resources */,
			);
			buildRules = (
			);
			dependencies = (
				54C8327F26E79AE40013742E /* PBXTargetDependency */,
			);
			name = GitHubAlamofireUITests;
			productName = GitHubAlamofireUITests;
			productReference = 54C8327D26E79AE40013742E /* GitHubAlamofireUITests.xctest */;
			productType = "com.apple.product-type.bundle.ui-testing";
		};
/* End PBXNativeTarget section */

/* Begin PBXProject section */
		54C8325426E79AE30013742E /* Project object */ = {
			isa = PBXProject;
			attributes = {
				LastSwiftUpdateCheck = 1250;
				LastUpgradeCheck = 1250;
				TargetAttributes = {
					54C8325B26E79AE30013742E = {
						CreatedOnToolsVersion = 12.5.1;
					};
					54C8327126E79AE40013742E = {
						CreatedOnToolsVersion = 12.5.1;
						TestTargetID = 54C8325B26E79AE30013742E;
					};
					54C8327C26E79AE40013742E = {
						CreatedOnToolsVersion = 12.5.1;
						TestTargetID = 54C8325B26E79AE30013742E;
					};
				};
			};
			buildConfigurationList = 54C8325726E79AE30013742E /* Build configuration list for PBXProject "GitHubAlamofire" */;
			compatibilityVersion = "Xcode 9.3";
			developmentRegion = en;
			hasScannedForEncodings = 0;
			knownRegions = (
				en,
				Base,
			);
			mainGroup = 54C8325326E79AE30013742E;
			productRefGroup = 54C8325D26E79AE30013742E /* Products */;
			projectDirPath = "";
			projectReferences = (
				{
					ProductGroup = 54C8329026E79B3D0013742E /* Products */;
					ProjectRef = 54C8328F26E79B3D0013742E /* Alamofire.xcodeproj */;
				},
			);
			projectRoot = "";
			targets = (
				54C8325B26E79AE30013742E /* GitHubAlamofire */,
				54C8327126E79AE40013742E /* GitHubAlamofireTests */,
				54C8327C26E79AE40013742E /* GitHubAlamofireUITests */,
			);
		};
/* End PBXProject section */

/* Begin PBXReferenceProxy section */
		54C8329B26E79B3D0013742E /* Alamofire.framework */ = {
			isa = PBXReferenceProxy;
			fileType = wrapper.framework;
			path = Alamofire.framework;
			remoteRef = 54C8329A26E79B3D0013742E /* PBXContainerItemProxy */;
			sourceTree = BUILT_PRODUCTS_DIR;
		};
		54C8329D26E79B3D0013742E /* Alamofire iOS Tests.xctest */ = {
			isa = PBXReferenceProxy;
			fileType = wrapper.cfbundle;
			path = "Alamofire iOS Tests.xctest";
			remoteRef = 54C8329C26E79B3D0013742E /* PBXContainerItemProxy */;
			sourceTree = BUILT_PRODUCTS_DIR;
		};
		54C8329F26E79B3D0013742E /* Alamofire.framework */ = {
			isa = PBXReferenceProxy;
			fileType = wrapper.framework;
			path = Alamofire.framework;
			remoteRef = 54C8329E26E79B3D0013742E /* PBXContainerItemProxy */;
			sourceTree = BUILT_PRODUCTS_DIR;
		};
		54C832A126E79B3D0013742E /* Alamofire macOS Tests.xctest */ = {
			isa = PBXReferenceProxy;
			fileType = wrapper.cfbundle;
			path = "Alamofire macOS Tests.xctest";
			remoteRef = 54C832A026E79B3D0013742E /* PBXContainerItemProxy */;
			sourceTree = BUILT_PRODUCTS_DIR;
		};
		54C832A326E79B3D0013742E /* Alamofire.framework */ = {
			isa = PBXReferenceProxy;
			fileType = wrapper.framework;
			path = Alamofire.framework;
			remoteRef = 54C832A226E79B3D0013742E /* PBXContainerItemProxy */;
			sourceTree = BUILT_PRODUCTS_DIR;
		};
		54C832A526E79B3D0013742E /* Alamofire tvOS Tests.xctest */ = {
			isa = PBXReferenceProxy;
			fileType = wrapper.cfbundle;
			path = "Alamofire tvOS Tests.xctest";
			remoteRef = 54C832A426E79B3D0013742E /* PBXContainerItemProxy */;
			sourceTree = BUILT_PRODUCTS_DIR;
		};
		54C832A726E79B3D0013742E /* Alamofire.framework */ = {
			isa = PBXReferenceProxy;
			fileType = wrapper.framework;
			path = Alamofire.framework;
			remoteRef = 54C832A626E79B3D0013742E /* PBXContainerItemProxy */;
			sourceTree = BUILT_PRODUCTS_DIR;
		};
		54C832A926E79B3D0013742E /* Alamofire watchOS Tests.xctest */ = {
			isa = PBXReferenceProxy;
			fileType = wrapper.cfbundle;
			path = "Alamofire watchOS Tests.xctest";
			remoteRef = 54C832A826E79B3D0013742E /* PBXContainerItemProxy */;
			sourceTree = BUILT_PRODUCTS_DIR;
		};
/* End PBXReferenceProxy section */

/* Begin PBXResourcesBuildPhase section */
		54C8325A26E79AE30013742E /* Resources */ = {
			isa = PBXResourcesBuildPhase;
			buildActionMask = 2147483647;
			files = (
				54C8326C26E79AE40013742E /* LaunchScreen.storyboard in Resources */,
				54C8326926E79AE40013742E /* Assets.xcassets in Resources */,
				54C8326726E79AE30013742E /* Main.storyboard in Resources */,
			);
			runOnlyForDeploymentPostprocessing = 0;
		};
		54C8327026E79AE40013742E /* Resources */ = {
			isa = PBXResourcesBuildPhase;
			buildActionMask = 2147483647;
			files = (
			);
			runOnlyForDeploymentPostprocessing = 0;
		};
		54C8327B26E79AE40013742E /* Resources */ = {
			isa = PBXResourcesBuildPhase;
			buildActionMask = 2147483647;
			files = (
			);
			runOnlyForDeploymentPostprocessing = 0;
		};
/* End PBXResourcesBuildPhase section */

/* Begin PBXSourcesBuildPhase section */
		54C8325826E79AE30013742E /* Sources */ = {
			isa = PBXSourcesBuildPhase;
			buildActionMask = 2147483647;
			files = (
				54C8326426E79AE30013742E /* ViewController.swift in Sources */,
				54C8326026E79AE30013742E /* AppDelegate.swift in Sources */,
				54C8326226E79AE30013742E /* SceneDelegate.swift in Sources */,
			);
			runOnlyForDeploymentPostprocessing = 0;
		};
		54C8326E26E79AE40013742E /* Sources */ = {
			isa = PBXSourcesBuildPhase;
			buildActionMask = 2147483647;
			files = (
				54C8327726E79AE40013742E /* GitHubAlamofireTests.swift in Sources */,
			);
			runOnlyForDeploymentPostprocessing = 0;
		};
		54C8327926E79AE40013742E /* Sources */ = {
			isa = PBXSourcesBuildPhase;
			buildActionMask = 2147483647;
			files = (
				54C8328226E79AE40013742E /* GitHubAlamofireUITests.swift in Sources */,
			);
			runOnlyForDeploymentPostprocessing = 0;
		};
/* End PBXSourcesBuildPhase section */

/* Begin PBXTargetDependency section */
		54C8327426E79AE40013742E /* PBXTargetDependency */ = {
			isa = PBXTargetDependency;
			target = 54C8325B26E79AE30013742E /* GitHubAlamofire */;
			targetProxy = 54C8327326E79AE40013742E /* PBXContainerItemProxy */;
		};
		54C8327F26E79AE40013742E /* PBXTargetDependency */ = {
			isa = PBXTargetDependency;
			target = 54C8325B26E79AE30013742E /* GitHubAlamofire */;
			targetProxy = 54C8327E26E79AE40013742E /* PBXContainerItemProxy */;
		};
		54C832AB26E79B490013742E /* PBXTargetDependency */ = {
			isa = PBXTargetDependency;
			name = "Alamofire iOS";
			targetProxy = 54C832AA26E79B490013742E /* PBXContainerItemProxy */;
		};
/* End PBXTargetDependency section */

/* Begin PBXVariantGroup section */
		54C8326526E79AE30013742E /* Main.storyboard */ = {
			isa = PBXVariantGroup;
			children = (
				54C8326626E79AE30013742E /* Base */,
			);
			name = Main.storyboard;
			sourceTree = "<group>";
		};
		54C8326A26E79AE40013742E /* LaunchScreen.storyboard */ = {
			isa = PBXVariantGroup;
			children = (
				54C8326B26E79AE40013742E /* Base */,
			);
			name = LaunchScreen.storyboard;
			sourceTree = "<group>";
		};
/* End PBXVariantGroup section */

/* Begin XCBuildConfiguration section */
		54C8328426E79AE40013742E /* Debug */ = {
			isa = XCBuildConfiguration;
			buildSettings = {
				ALWAYS_SEARCH_USER_PATHS = NO;
				CLANG_ANALYZER_NONNULL = YES;
				CLANG_ANALYZER_NUMBER_OBJECT_CONVERSION = YES_AGGRESSIVE;
				CLANG_CXX_LANGUAGE_STANDARD = "gnu++14";
				CLANG_CXX_LIBRARY = "libc++";
				CLANG_ENABLE_MODULES = YES;
				CLANG_ENABLE_OBJC_ARC = YES;
				CLANG_ENABLE_OBJC_WEAK = YES;
				CLANG_WARN_BLOCK_CAPTURE_AUTORELEASING = YES;
				CLANG_WARN_BOOL_CONVERSION = YES;
				CLANG_WARN_COMMA = YES;
				CLANG_WARN_CONSTANT_CONVERSION = YES;
				CLANG_WARN_DEPRECATED_OBJC_IMPLEMENTATIONS = YES;
				CLANG_WARN_DIRECT_OBJC_ISA_USAGE = YES_ERROR;
				CLANG_WARN_DOCUMENTATION_COMMENTS = YES;
				CLANG_WARN_EMPTY_BODY = YES;
				CLANG_WARN_ENUM_CONVERSION = YES;
				CLANG_WARN_INFINITE_RECURSION = YES;
				CLANG_WARN_INT_CONVERSION = YES;
				CLANG_WARN_NON_LITERAL_NULL_CONVERSION = YES;
				CLANG_WARN_OBJC_IMPLICIT_RETAIN_SELF = YES;
				CLANG_WARN_OBJC_LITERAL_CONVERSION = YES;
				CLANG_WARN_OBJC_ROOT_CLASS = YES_ERROR;
				CLANG_WARN_QUOTED_INCLUDE_IN_FRAMEWORK_HEADER = YES;
				CLANG_WARN_RANGE_LOOP_ANALYSIS = YES;
				CLANG_WARN_STRICT_PROTOTYPES = YES;
				CLANG_WARN_SUSPICIOUS_MOVE = YES;
				CLANG_WARN_UNGUARDED_AVAILABILITY = YES_AGGRESSIVE;
				CLANG_WARN_UNREACHABLE_CODE = YES;
				CLANG_WARN__DUPLICATE_METHOD_MATCH = YES;
				COPY_PHASE_STRIP = NO;
				DEBUG_INFORMATION_FORMAT = dwarf;
				ENABLE_STRICT_OBJC_MSGSEND = YES;
				ENABLE_TESTABILITY = YES;
				GCC_C_LANGUAGE_STANDARD = gnu11;
				GCC_DYNAMIC_NO_PIC = NO;
				GCC_NO_COMMON_BLOCKS = YES;
				GCC_OPTIMIZATION_LEVEL = 0;
				GCC_PREPROCESSOR_DEFINITIONS = (
					"DEBUG=1",
					"$(inherited)",
				);
				GCC_WARN_64_TO_32_BIT_CONVERSION = YES;
				GCC_WARN_ABOUT_RETURN_TYPE = YES_ERROR;
				GCC_WARN_UNDECLARED_SELECTOR = YES;
				GCC_WARN_UNINITIALIZED_AUTOS = YES_AGGRESSIVE;
				GCC_WARN_UNUSED_FUNCTION = YES;
				GCC_WARN_UNUSED_VARIABLE = YES;
				IPHONEOS_DEPLOYMENT_TARGET = 14.5;
				MTL_ENABLE_DEBUG_INFO = INCLUDE_SOURCE;
				MTL_FAST_MATH = YES;
				ONLY_ACTIVE_ARCH = YES;
				SDKROOT = iphoneos;
				SWIFT_ACTIVE_COMPILATION_CONDITIONS = DEBUG;
				SWIFT_OPTIMIZATION_LEVEL = "-Onone";
			};
			name = Debug;
		};
		54C8328526E79AE40013742E /* Release */ = {
			isa = XCBuildConfiguration;
			buildSettings = {
				ALWAYS_SEARCH_USER_PATHS = NO;
				CLANG_ANALYZER_NONNULL = YES;
				CLANG_ANALYZER_NUMBER_OBJECT_CONVERSION = YES_AGGRESSIVE;
				CLANG_CXX_LANGUAGE_STANDARD = "gnu++14";
				CLANG_CXX_LIBRARY = "libc++";
				CLANG_ENABLE_MODULES = YES;
				CLANG_ENABLE_OBJC_ARC = YES;
				CLANG_ENABLE_OBJC_WEAK = YES;
				CLANG_WARN_BLOCK_CAPTURE_AUTORELEASING = YES;
				CLANG_WARN_BOOL_CONVERSION = YES;
				CLANG_WARN_COMMA = YES;
				CLANG_WARN_CONSTANT_CONVERSION = YES;
				CLANG_WARN_DEPRECATED_OBJC_IMPLEMENTATIONS = YES;
				CLANG_WARN_DIRECT_OBJC_ISA_USAGE = YES_ERROR;
				CLANG_WARN_DOCUMENTATION_COMMENTS = YES;
				CLANG_WARN_EMPTY_BODY = YES;
				CLANG_WARN_ENUM_CONVERSION = YES;
				CLANG_WARN_INFINITE_RECURSION = YES;
				CLANG_WARN_INT_CONVERSION = YES;
				CLANG_WARN_NON_LITERAL_NULL_CONVERSION = YES;
				CLANG_WARN_OBJC_IMPLICIT_RETAIN_SELF = YES;
				CLANG_WARN_OBJC_LITERAL_CONVERSION = YES;
				CLANG_WARN_OBJC_ROOT_CLASS = YES_ERROR;
				CLANG_WARN_QUOTED_INCLUDE_IN_FRAMEWORK_HEADER = YES;
				CLANG_WARN_RANGE_LOOP_ANALYSIS = YES;
				CLANG_WARN_STRICT_PROTOTYPES = YES;
				CLANG_WARN_SUSPICIOUS_MOVE = YES;
				CLANG_WARN_UNGUARDED_AVAILABILITY = YES_AGGRESSIVE;
				CLANG_WARN_UNREACHABLE_CODE = YES;
				CLANG_WARN__DUPLICATE_METHOD_MATCH = YES;
				COPY_PHASE_STRIP = NO;
				DEBUG_INFORMATION_FORMAT = "dwarf-with-dsym";
				ENABLE_NS_ASSERTIONS = NO;
				ENABLE_STRICT_OBJC_MSGSEND = YES;
				GCC_C_LANGUAGE_STANDARD = gnu11;
				GCC_NO_COMMON_BLOCKS = YES;
				GCC_WARN_64_TO_32_BIT_CONVERSION = YES;
				GCC_WARN_ABOUT_RETURN_TYPE = YES_ERROR;
				GCC_WARN_UNDECLARED_SELECTOR = YES;
				GCC_WARN_UNINITIALIZED_AUTOS = YES_AGGRESSIVE;
				GCC_WARN_UNUSED_FUNCTION = YES;
				GCC_WARN_UNUSED_VARIABLE = YES;
				IPHONEOS_DEPLOYMENT_TARGET = 14.5;
				MTL_ENABLE_DEBUG_INFO = NO;
				MTL_FAST_MATH = YES;
				SDKROOT = iphoneos;
				SWIFT_COMPILATION_MODE = wholemodule;
				SWIFT_OPTIMIZATION_LEVEL = "-O";
				VALIDATE_PRODUCT = YES;
			};
			name = Release;
		};
		54C8328726E79AE40013742E /* Debug */ = {
			isa = XCBuildConfiguration;
			buildSettings = {
				ASSETCATALOG_COMPILER_APPICON_NAME = AppIcon;
				ASSETCATALOG_COMPILER_GLOBAL_ACCENT_COLOR_NAME = AccentColor;
				CODE_SIGN_STYLE = Automatic;
				INFOPLIST_FILE = GitHubAlamofire/Info.plist;
				LD_RUNPATH_SEARCH_PATHS = (
					"$(inherited)",
					"@executable_path/Frameworks",
				);
				PRODUCT_BUNDLE_IDENTIFIER = Sample.GitHubAlamofire;
				PRODUCT_NAME = "$(TARGET_NAME)";
				SWIFT_VERSION = 5.0;
				TARGETED_DEVICE_FAMILY = "1,2";
			};
			name = Debug;
		};
		54C8328826E79AE40013742E /* Release */ = {
			isa = XCBuildConfiguration;
			buildSettings = {
				ASSETCATALOG_COMPILER_APPICON_NAME = AppIcon;
				ASSETCATALOG_COMPILER_GLOBAL_ACCENT_COLOR_NAME = AccentColor;
				CODE_SIGN_STYLE = Automatic;
				INFOPLIST_FILE = GitHubAlamofire/Info.plist;
				LD_RUNPATH_SEARCH_PATHS = (
					"$(inherited)",
					"@executable_path/Frameworks",
				);
				PRODUCT_BUNDLE_IDENTIFIER = Sample.GitHubAlamofire;
				PRODUCT_NAME = "$(TARGET_NAME)";
				SWIFT_VERSION = 5.0;
				TARGETED_DEVICE_FAMILY = "1,2";
			};
			name = Release;
		};
		54C8328A26E79AE40013742E /* Debug */ = {
			isa = XCBuildConfiguration;
			buildSettings = {
				ALWAYS_EMBED_SWIFT_STANDARD_LIBRARIES = YES;
				BUNDLE_LOADER = "$(TEST_HOST)";
				CODE_SIGN_STYLE = Automatic;
				INFOPLIST_FILE = GitHubAlamofireTests/Info.plist;
				IPHONEOS_DEPLOYMENT_TARGET = 14.5;
				LD_RUNPATH_SEARCH_PATHS = (
					"$(inherited)",
					"@executable_path/Frameworks",
					"@loader_path/Frameworks",
				);
				PRODUCT_BUNDLE_IDENTIFIER = Sample.GitHubAlamofireTests;
				PRODUCT_NAME = "$(TARGET_NAME)";
				SWIFT_VERSION = 5.0;
				TARGETED_DEVICE_FAMILY = "1,2";
				TEST_HOST = "$(BUILT_PRODUCTS_DIR)/GitHubAlamofire.app/GitHubAlamofire";
			};
			name = Debug;
		};
		54C8328B26E79AE40013742E /* Release */ = {
			isa = XCBuildConfiguration;
			buildSettings = {
				ALWAYS_EMBED_SWIFT_STANDARD_LIBRARIES = YES;
				BUNDLE_LOADER = "$(TEST_HOST)";
				CODE_SIGN_STYLE = Automatic;
				INFOPLIST_FILE = GitHubAlamofireTests/Info.plist;
				IPHONEOS_DEPLOYMENT_TARGET = 14.5;
				LD_RUNPATH_SEARCH_PATHS = (
					"$(inherited)",
					"@executable_path/Frameworks",
					"@loader_path/Frameworks",
				);
				PRODUCT_BUNDLE_IDENTIFIER = Sample.GitHubAlamofireTests;
				PRODUCT_NAME = "$(TARGET_NAME)";
				SWIFT_VERSION = 5.0;
				TARGETED_DEVICE_FAMILY = "1,2";
				TEST_HOST = "$(BUILT_PRODUCTS_DIR)/GitHubAlamofire.app/GitHubAlamofire";
			};
			name = Release;
		};
		54C8328D26E79AE40013742E /* Debug */ = {
			isa = XCBuildConfiguration;
			buildSettings = {
				ALWAYS_EMBED_SWIFT_STANDARD_LIBRARIES = YES;
				CODE_SIGN_STYLE = Automatic;
				INFOPLIST_FILE = GitHubAlamofireUITests/Info.plist;
				LD_RUNPATH_SEARCH_PATHS = (
					"$(inherited)",
					"@executable_path/Frameworks",
					"@loader_path/Frameworks",
				);
				PRODUCT_BUNDLE_IDENTIFIER = Sample.GitHubAlamofireUITests;
				PRODUCT_NAME = "$(TARGET_NAME)";
				SWIFT_VERSION = 5.0;
				TARGETED_DEVICE_FAMILY = "1,2";
				TEST_TARGET_NAME = GitHubAlamofire;
			};
			name = Debug;
		};
		54C8328E26E79AE40013742E /* Release */ = {
			isa = XCBuildConfiguration;
			buildSettings = {
				ALWAYS_EMBED_SWIFT_STANDARD_LIBRARIES = YES;
				CODE_SIGN_STYLE = Automatic;
				INFOPLIST_FILE = GitHubAlamofireUITests/Info.plist;
				LD_RUNPATH_SEARCH_PATHS = (
					"$(inherited)",
					"@executable_path/Frameworks",
					"@loader_path/Frameworks",
				);
				PRODUCT_BUNDLE_IDENTIFIER = Sample.GitHubAlamofireUITests;
				PRODUCT_NAME = "$(TARGET_NAME)";
				SWIFT_VERSION = 5.0;
				TARGETED_DEVICE_FAMILY = "1,2";
				TEST_TARGET_NAME = GitHubAlamofire;
			};
			name = Release;
		};
/* End XCBuildConfiguration section */

/* Begin XCConfigurationList section */
		54C8325726E79AE30013742E /* Build configuration list for PBXProject "GitHubAlamofire" */ = {
			isa = XCConfigurationList;
			buildConfigurations = (
				54C8328426E79AE40013742E /* Debug */,
				54C8328526E79AE40013742E /* Release */,
			);
			defaultConfigurationIsVisible = 0;
			defaultConfigurationName = Release;
		};
		54C8328626E79AE40013742E /* Build configuration list for PBXNativeTarget "GitHubAlamofire" */ = {
			isa = XCConfigurationList;
			buildConfigurations = (
				54C8328726E79AE40013742E /* Debug */,
				54C8328826E79AE40013742E /* Release */,
			);
			defaultConfigurationIsVisible = 0;
			defaultConfigurationName = Release;
		};
		54C8328926E79AE40013742E /* Build configuration list for PBXNativeTarget "GitHubAlamofireTests" */ = {
			isa = XCConfigurationList;
			buildConfigurations = (
				54C8328A26E79AE40013742E /* Debug */,
				54C8328B26E79AE40013742E /* Release */,
			);
			defaultConfigurationIsVisible = 0;
			defaultConfigurationName = Release;
		};
		54C8328C26E79AE40013742E /* Build configuration list for PBXNativeTarget "GitHubAlamofireUITests" */ = {
			isa = XCConfigurationList;
			buildConfigurations = (
				54C8328D26E79AE40013742E /* Debug */,
				54C8328E26E79AE40013742E /* Release */,
			);
			defaultConfigurationIsVisible = 0;
			defaultConfigurationName = Release;
		};
/* End XCConfigurationList section */
	};
	rootObject = 54C8325426E79AE30013742E /* Project object */;
}
